
Microsoft Visual Studio Solution File, Format Version 12.00
Project("{FAE04EC0-301F-11D3-BF4B-00C04F79EFBC}") = "AncientConfigsPlus", "AncientConfigsPlus.csproj", "{9FB4871E-AEF4-4986-AE1E-991F802E092E}"
EndProject
Global
	GlobalSection(SolutionConfigurationPlatforms) = preSolution
		Debug|Any CPU = Debug|Any CPU
		ExportDebug|Any CPU = ExportDebug|Any CPU
		ExportRelease|Any CPU = ExportRelease|Any CPU
	EndGlobalSection
	GlobalSection(ProjectConfigurationPlatforms) = postSolution
		{9FB4871E-AEF4-4986-AE1E-991F802E092E}.Debug|Any CPU.ActiveCfg = Debug|Any CPU
		{9FB4871E-AEF4-4986-AE1E-991F802E092E}.Debug|Any CPU.Build.0 = Debug|Any CPU
		{9FB4871E-AEF4-4986-AE1E-991F802E092E}.ExportDebug|Any CPU.ActiveCfg = ExportDebug|Any CPU
		{9FB4871E-AEF4-4986-AE1E-991F802E092E}.ExportDebug|Any CPU.Build.0 = ExportDebug|Any CPU
		{9FB4871E-AEF4-4986-AE1E-991F802E092E}.ExportRelease|Any CPU.ActiveCfg = ExportRelease|Any CPU
		{9FB4871E-AEF4-4986-AE1E-991F802E092E}.ExportRelease|Any CPU.Build.0 = ExportRelease|Any CPU
	EndGlobalSection
EndGlobal
